
Microsoft Visual Studio Solution File, Format Version 12.00
# Visual Studio Version 17
VisualStudioVersion = 17.4.33110.190
MinimumVisualStudioVersion = 10.0.40219.1
Project("{FAE04EC0-301F-11D3-BF4B-00C04F79EFBC}") = "LeaveManagement.Web", "LeaveManagement.Web\LeaveManagement.Web.csproj", "{5859ED5F-0DA6-411C-8A19-F69AB384CFF5}"
EndProject
Global
	GlobalSection(SolutionConfigurationPlatforms) = preSolution
		Debug|Any CPU = Debug|Any CPU
		Release|Any CPU = Release|Any CPU
	EndGlobalSection
	GlobalSection(ProjectConfigurationPlatforms) = postSolution
		{5859ED5F-0DA6-411C-8A19-F69AB384CFF5}.Debug|Any CPU.ActiveCfg = Debug|Any CPU
		{5859ED5F-0DA6-411C-8A19-F69AB384CFF5}.Debug|Any CPU.Build.0 = Debug|Any CPU
		{5859ED5F-0DA6-411C-8A19-F69AB384CFF5}.Release|Any CPU.ActiveCfg = Release|Any CPU
		{5859ED5F-0DA6-411C-8A19-F69AB384CFF5}.Release|Any CPU.Build.0 = Release|Any CPU
	EndGlobalSection
	GlobalSection(SolutionProperties) = preSolution
		HideSolutionNode = FALSE
	EndGlobalSection
	GlobalSection(ExtensibilityGlobals) = postSolution
		SolutionGuid = {6910C54B-8FAA-4F39-AAA2-06E9C098A5A2}
	EndGlobalSection
EndGlobal
